
Microsoft Visual Studio Solution File, Format Version 12.00
# Visual Studio 2013
VisualStudioVersion = 12.0.21005.1
MinimumVisualStudioVersion = 10.0.40219.1
Project("{FAE04EC0-301F-11D3-BF4B-00C04F79EFBC}") = "Virtual Try On System", "Virtual Try On System\Virtual Try On System.csproj", "{42167CA8-E9D9-4360-902B-C4F27B43C924}"
EndProject
Project("{FAE04EC0-301F-11D3-BF4B-00C04F79EFBC}") = "Virtual_Try_On_System_UnitTests", "Virtual_Try_On_System_UnitTests\Virtual_Try_On_System_UnitTests.csproj", "{408DA654-CA4B-4FC6-8D39-BE50FF0E672B}"
EndProject
Global
	GlobalSection(SolutionConfigurationPlatforms) = preSolution
		Debug|Any CPU = Debug|Any CPU
		Release|Any CPU = Release|Any CPU
	EndGlobalSection
	GlobalSection(ProjectConfigurationPlatforms) = postSolution
		{42167CA8-E9D9-4360-902B-C4F27B43C924}.Debug|Any CPU.ActiveCfg = Debug|Any CPU
		{42167CA8-E9D9-4360-902B-C4F27B43C924}.Debug|Any CPU.Build.0 = Debug|Any CPU
		{42167CA8-E9D9-4360-902B-C4F27B43C924}.Release|Any CPU.ActiveCfg = Release|Any CPU
		{42167CA8-E9D9-4360-902B-C4F27B43C924}.Release|Any CPU.Build.0 = Release|Any CPU
		{408DA654-CA4B-4FC6-8D39-BE50FF0E672B}.Debug|Any CPU.ActiveCfg = Debug|Any CPU
		{408DA654-CA4B-4FC6-8D39-BE50FF0E672B}.Debug|Any CPU.Build.0 = Debug|Any CPU
		{408DA654-CA4B-4FC6-8D39-BE50FF0E672B}.Release|Any CPU.ActiveCfg = Release|Any CPU
		{408DA654-CA4B-4FC6-8D39-BE50FF0E672B}.Release|Any CPU.Build.0 = Release|Any CPU
	EndGlobalSection
	GlobalSection(SolutionProperties) = preSolution
		HideSolutionNode = FALSE
	EndGlobalSection
EndGlobal
